
Microsoft Visual Studio Solution File, Format Version 12.00
# Visual Studio Version 17
VisualStudioVersion = 17.14.36127.28 d17.14
MinimumVisualStudioVersion = 10.0.40219.1
Project("{FAE04EC0-301F-11D3-BF4B-00C04F79EFBC}") = "EventHandler", "EventHandler\EventHandler.csproj", "{9C5C74EB-CA85-4FAA-B0B7-7A05EA92DE45}"
EndProject
Global
	GlobalSection(SolutionConfigurationPlatforms) = preSolution
		Debug|Any CPU = Debug|Any CPU
		Release|Any CPU = Release|Any CPU
	EndGlobalSection
	GlobalSection(ProjectConfigurationPlatforms) = postSolution
		{9C5C74EB-CA85-4FAA-B0B7-7A05EA92DE45}.Debug|Any CPU.ActiveCfg = Debug|Any CPU
		{9C5C74EB-CA85-4FAA-B0B7-7A05EA92DE45}.Debug|Any CPU.Build.0 = Debug|Any CPU
		{9C5C74EB-CA85-4FAA-B0B7-7A05EA92DE45}.Release|Any CPU.ActiveCfg = Release|Any CPU
		{9C5C74EB-CA85-4FAA-B0B7-7A05EA92DE45}.Release|Any CPU.Build.0 = Release|Any CPU
	EndGlobalSection
	GlobalSection(SolutionProperties) = preSolution
		HideSolutionNode = FALSE
	EndGlobalSection
	GlobalSection(ExtensibilityGlobals) = postSolution
		SolutionGuid = {C3972318-BEB6-4CBE-B9D2-08F4254D957B}
	EndGlobalSection
EndGlobal
